
Microsoft Visual Studio Solution File, Format Version 12.00
# Visual Studio Version 16
VisualStudioVersion = 16.0.29025.244
MinimumVisualStudioVersion = 10.0.40219.1
Project("{FAE04EC0-301F-11D3-BF4B-00C04F79EFBC}") = "calculateVolume", "calculateVolume\calculateVolume.csproj", "{CA53402F-DBCE-4299-BAC6-E3BABFB460DE}"
EndProject
Global
	GlobalSection(SolutionConfigurationPlatforms) = preSolution
		Debug|Any CPU = Debug|Any CPU
		Release|Any CPU = Release|Any CPU
	EndGlobalSection
	GlobalSection(ProjectConfigurationPlatforms) = postSolution
		{CA53402F-DBCE-4299-BAC6-E3BABFB460DE}.Debug|Any CPU.ActiveCfg = Debug|Any CPU
		{CA53402F-DBCE-4299-BAC6-E3BABFB460DE}.Debug|Any CPU.Build.0 = Debug|Any CPU
		{CA53402F-DBCE-4299-BAC6-E3BABFB460DE}.Release|Any CPU.ActiveCfg = Release|Any CPU
		{CA53402F-DBCE-4299-BAC6-E3BABFB460DE}.Release|Any CPU.Build.0 = Release|Any CPU
	EndGlobalSection
	GlobalSection(SolutionProperties) = preSolution
		HideSolutionNode = FALSE
	EndGlobalSection
	GlobalSection(ExtensibilityGlobals) = postSolution
		SolutionGuid = {10D8199A-CA93-44C1-8A96-7FA35597A039}
	EndGlobalSection
EndGlobal
